// !$*UTF8*$!
{
	archiveVersion = 1;
	classes = {
	};
	objectVersion = 56;
	objects = {

/* Begin PBXBuildFile section */
		6AE7AF0829C31142007C9986 /* PadelScore Watch App.app in Embed Watch Content */ = {isa = PBXBuildFile; fileRef = 6AE7AF0729C31142007C9986 /* PadelScore Watch App.app */; settings = {ATTRIBUTES = (RemoveHeadersOnCopy, ); }; };
		6AE7AF0D29C31142007C9986 /* PadelScoreApp.swift in Sources */ = {isa = PBXBuildFile; fileRef = 6AE7AF0C29C31142007C9986 /* PadelScoreApp.swift */; };
		6AE7AF0F29C31142007C9986 /* ContentView.swift in Sources */ = {isa = PBXBuildFile; fileRef = 6AE7AF0E29C31142007C9986 /* ContentView.swift */; };
		6AE7AF1129C31145007C9986 /* Assets.xcassets in Resources */ = {isa = PBXBuildFile; fileRef = 6AE7AF1029C31145007C9986 /* Assets.xcassets */; };
		6AE7AF1429C31145007C9986 /* Preview Assets.xcassets in Resources */ = {isa = PBXBuildFile; fileRef = 6AE7AF1329C31145007C9986 /* Preview Assets.xcassets */; };
		6AE7AF1E29C31146007C9986 /* PadelScore_Watch_AppTests.swift in Sources */ = {isa = PBXBuildFile; fileRef = 6AE7AF1D29C31146007C9986 /* PadelScore_Watch_AppTests.swift */; };
		6AE7AF2829C31146007C9986 /* PadelScore_Watch_AppUITests.swift in Sources */ = {isa = PBXBuildFile; fileRef = 6AE7AF2729C31146007C9986 /* PadelScore_Watch_AppUITests.swift */; };
		6AE7AF2A29C31146007C9986 /* PadelScore_Watch_AppUITestsLaunchTests.swift in Sources */ = {isa = PBXBuildFile; fileRef = 6AE7AF2929C31146007C9986 /* PadelScore_Watch_AppUITestsLaunchTests.swift */; };
/* End PBXBuildFile section */

/* Begin PBXContainerItemProxy section */
		6AE7AF0929C31142007C9986 /* PBXContainerItemProxy */ = {
			isa = PBXContainerItemProxy;
			containerPortal = 6AE7AEFB29C31141007C9986 /* Project object */;
			proxyType = 1;
			remoteGlobalIDString = 6AE7AF0629C31142007C9986;
			remoteInfo = "PadelScore Watch App";
		};
		6AE7AF1A29C31146007C9986 /* PBXContainerItemProxy */ = {
			isa = PBXContainerItemProxy;
			containerPortal = 6AE7AEFB29C31141007C9986 /* Project object */;
			proxyType = 1;
			remoteGlobalIDString = 6AE7AF0629C31142007C9986;
			remoteInfo = "PadelScore Watch App";
		};
		6AE7AF2429C31146007C9986 /* PBXContainerItemProxy */ = {
			isa = PBXContainerItemProxy;
			containerPortal = 6AE7AEFB29C31141007C9986 /* Project object */;
			proxyType = 1;
			remoteGlobalIDString = 6AE7AF0629C31142007C9986;
			remoteInfo = "PadelScore Watch App";
		};
/* End PBXContainerItemProxy section */

/* Begin PBXCopyFilesBuildPhase section */
		6AE7AF3029C31146007C9986 /* Embed Watch Content */ = {
			isa = PBXCopyFilesBuildPhase;
			buildActionMask = 2147483647;
			dstPath = "$(CONTENTS_FOLDER_PATH)/Watch";
			dstSubfolderSpec = 16;
			files = (
				6AE7AF0829C31142007C9986 /* PadelScore Watch App.app in Embed Watch Content */,
			);
			name = "Embed Watch Content";
			runOnlyForDeploymentPostprocessing = 0;
		};
/* End PBXCopyFilesBuildPhase section */

/* Begin PBXFileReference section */
		6AE7AF0129C31142007C9986 /* PadelScore.app */ = {isa = PBXFileReference; explicitFileType = wrapper.application; includeInIndex = 0; path = PadelScore.app; sourceTree = BUILT_PRODUCTS_DIR; };
		6AE7AF0729C31142007C9986 /* PadelScore Watch App.app */ = {isa = PBXFileReference; explicitFileType = wrapper.application; includeInIndex = 0; path = "PadelScore Watch App.app"; sourceTree = BUILT_PRODUCTS_DIR; };
		6AE7AF0C29C31142007C9986 /* PadelScoreApp.swift */ = {isa = PBXFileReference; lastKnownFileType = sourcecode.swift; path = PadelScoreApp.swift; sourceTree = "<group>"; };
		6AE7AF0E29C31142007C9986 /* ContentView.swift */ = {isa = PBXFileReference; lastKnownFileType = sourcecode.swift; path = ContentView.swift; sourceTree = "<group>"; };
		6AE7AF1029C31145007C9986 /* Assets.xcassets */ = {isa = PBXFileReference; lastKnownFileType = folder.assetcatalog; path = Assets.xcassets; sourceTree = "<group>"; };
		6AE7AF1329C31145007C9986 /* Preview Assets.xcassets */ = {isa = PBXFileReference; lastKnownFileType = folder.assetcatalog; path = "Preview Assets.xcassets"; sourceTree = "<group>"; };
		6AE7AF1929C31146007C9986 /* PadelScore Watch AppTests.xctest */ = {isa = PBXFileReference; explicitFileType = wrapper.cfbundle; includeInIndex = 0; path = "PadelScore Watch AppTests.xctest"; sourceTree = BUILT_PRODUCTS_DIR; };
		6AE7AF1D29C31146007C9986 /* PadelScore_Watch_AppTests.swift */ = {isa = PBXFileReference; lastKnownFileType = sourcecode.swift; path = PadelScore_Watch_AppTests.swift; sourceTree = "<group>"; };
		6AE7AF2329C31146007C9986 /* PadelScore Watch AppUITests.xctest */ = {isa = PBXFileReference; explicitFileType = wrapper.cfbundle; includeInIndex = 0; path = "PadelScore Watch AppUITests.xctest"; sourceTree = BUILT_PRODUCTS_DIR; };
		6AE7AF2729C31146007C9986 /* PadelScore_Watch_AppUITests.swift */ = {isa = PBXFileReference; lastKnownFileType = sourcecode.swift; path = PadelScore_Watch_AppUITests.swift; sourceTree = "<group>"; };
		6AE7AF2929C31146007C9986 /* PadelScore_Watch_AppUITestsLaunchTests.swift */ = {isa = PBXFileReference; lastKnownFileType = sourcecode.swift; path = PadelScore_Watch_AppUITestsLaunchTests.swift; sourceTree = "<group>"; };
/* End PBXFileReference section */

/* Begin PBXFrameworksBuildPhase section */
		6AE7AF0429C31142007C9986 /* Frameworks */ = {
			isa = PBXFrameworksBuildPhase;
			buildActionMask = 2147483647;
			files = (
			);
			runOnlyForDeploymentPostprocessing = 0;
		};
		6AE7AF1629C31146007C9986 /* Frameworks */ = {
			isa = PBXFrameworksBuildPhase;
			buildActionMask = 2147483647;
			files = (
			);
			runOnlyForDeploymentPostprocessing = 0;
		};
		6AE7AF2029C31146007C9986 /* Frameworks */ = {
			isa = PBXFrameworksBuildPhase;
			buildActionMask = 2147483647;
			files = (
			);
			runOnlyForDeploymentPostprocessing = 0;
		};
/* End PBXFrameworksBuildPhase section */

/* Begin PBXGroup section */
		6AE7AEFA29C31141007C9986 = {
			isa = PBXGroup;
			children = (
				6AE7AF0B29C31142007C9986 /* PadelScore Watch App */,
				6AE7AF1C29C31146007C9986 /* PadelScore Watch AppTests */,
				6AE7AF2629C31146007C9986 /* PadelScore Watch AppUITests */,
				6AE7AF0229C31142007C9986 /* Products */,
			);
			sourceTree = "<group>";
		};
		6AE7AF0229C31142007C9986 /* Products */ = {
			isa = PBXGroup;
			children = (
				6AE7AF0129C31142007C9986 /* PadelScore.app */,
				6AE7AF0729C31142007C9986 /* PadelScore Watch App.app */,
				6AE7AF1929C31146007C9986 /* PadelScore Watch AppTests.xctest */,
				6AE7AF2329C31146007C9986 /* PadelScore Watch AppUITests.xctest */,
			);
			name = Products;
			sourceTree = "<group>";
		};
		6AE7AF0B29C31142007C9986 /* PadelScore Watch App */ = {
			isa = PBXGroup;
			children = (
				6AE7AF0C29C31142007C9986 /* PadelScoreApp.swift */,
				6AE7AF0E29C31142007C9986 /* ContentView.swift */,
				6AE7AF1029C31145007C9986 /* Assets.xcassets */,
				6AE7AF1229C31145007C9986 /* Preview Content */,
			);
			path = "PadelScore Watch App";
			sourceTree = "<group>";
		};
		6AE7AF1229C31145007C9986 /* Preview Content */ = {
			isa = PBXGroup;
			children = (
				6AE7AF1329C31145007C9986 /* Preview Assets.xcassets */,
			);
			path = "Preview Content";
			sourceTree = "<group>";
		};
		6AE7AF1C29C31146007C9986 /* PadelScore Watch AppTests */ = {
			isa = PBXGroup;
			children = (
				6AE7AF1D29C31146007C9986 /* PadelScore_Watch_AppTests.swift */,
			);
			path = "PadelScore Watch AppTests";
			sourceTree = "<group>";
		};
		6AE7AF2629C31146007C9986 /* PadelScore Watch AppUITests */ = {
			isa = PBXGroup;
			children = (
				6AE7AF2729C31146007C9986 /* PadelScore_Watch_AppUITests.swift */,
				6AE7AF2929C31146007C9986 /* PadelScore_Watch_AppUITestsLaunchTests.swift */,
			);
			path = "PadelScore Watch AppUITests";
			sourceTree = "<group>";
		};
/* End PBXGroup section */

/* Begin PBXNativeTarget section */
		6AE7AF0029C31142007C9986 /* PadelScore */ = {
			isa = PBXNativeTarget;
			buildConfigurationList = 6AE7AF3129C31146007C9986 /* Build configuration list for PBXNativeTarget "PadelScore" */;
			buildPhases = (
				6AE7AEFF29C31142007C9986 /* Resources */,
				6AE7AF3029C31146007C9986 /* Embed Watch Content */,
			);
			buildRules = (
			);
			dependencies = (
				6AE7AF0A29C31142007C9986 /* PBXTargetDependency */,
			);
			name = PadelScore;
			productName = PadelScore;
			productReference = 6AE7AF0129C31142007C9986 /* PadelScore.app */;
			productType = "com.apple.product-type.application.watchapp2-container";
		};
		6AE7AF0629C31142007C9986 /* PadelScore Watch App */ = {
			isa = PBXNativeTarget;
			buildConfigurationList = 6AE7AF2D29C31146007C9986 /* Build configuration list for PBXNativeTarget "PadelScore Watch App" */;
			buildPhases = (
				6AE7AF0329C31142007C9986 /* Sources */,
				6AE7AF0429C31142007C9986 /* Frameworks */,
				6AE7AF0529C31142007C9986 /* Resources */,
			);
			buildRules = (
			);
			dependencies = (
			);
			name = "PadelScore Watch App";
			productName = "PadelScore Watch App";
			productReference = 6AE7AF0729C31142007C9986 /* PadelScore Watch App.app */;
			productType = "com.apple.product-type.application";
		};
		6AE7AF1829C31146007C9986 /* PadelScore Watch AppTests */ = {
			isa = PBXNativeTarget;
			buildConfigurationList = 6AE7AF3429C31146007C9986 /* Build configuration list for PBXNativeTarget "PadelScore Watch AppTests" */;
			buildPhases = (
				6AE7AF1529C31146007C9986 /* Sources */,
				6AE7AF1629C31146007C9986 /* Frameworks */,
				6AE7AF1729C31146007C9986 /* Resources */,
			);
			buildRules = (
			);
			dependencies = (
				6AE7AF1B29C31146007C9986 /* PBXTargetDependency */,
			);
			name = "PadelScore Watch AppTests";
			productName = "PadelScore Watch AppTests";
			productReference = 6AE7AF1929C31146007C9986 /* PadelScore Watch AppTests.xctest */;
			productType = "com.apple.product-type.bundle.unit-test";
		};
		6AE7AF2229C31146007C9986 /* PadelScore Watch AppUITests */ = {
			isa = PBXNativeTarget;
			buildConfigurationList = 6AE7AF3729C31146007C9986 /* Build configuration list for PBXNativeTarget "PadelScore Watch AppUITests" */;
			buildPhases = (
				6AE7AF1F29C31146007C9986 /* Sources */,
				6AE7AF2029C31146007C9986 /* Frameworks */,
				6AE7AF2129C31146007C9986 /* Resources */,
			);
			buildRules = (
			);
			dependencies = (
				6AE7AF2529C31146007C9986 /* PBXTargetDependency */,
			);
			name = "PadelScore Watch AppUITests";
			productName = "PadelScore Watch AppUITests";
			productReference = 6AE7AF2329C31146007C9986 /* PadelScore Watch AppUITests.xctest */;
			productType = "com.apple.product-type.bundle.ui-testing";
		};
/* End PBXNativeTarget section */

/* Begin PBXProject section */
		6AE7AEFB29C31141007C9986 /* Project object */ = {
			isa = PBXProject;
			attributes = {
				BuildIndependentTargetsInParallel = 1;
				LastSwiftUpdateCheck = 1420;
				LastUpgradeCheck = 1420;
				TargetAttributes = {
					6AE7AF0029C31142007C9986 = {
						CreatedOnToolsVersion = 14.2;
					};
					6AE7AF0629C31142007C9986 = {
						CreatedOnToolsVersion = 14.2;
					};
					6AE7AF1829C31146007C9986 = {
						CreatedOnToolsVersion = 14.2;
						TestTargetID = 6AE7AF0629C31142007C9986;
					};
					6AE7AF2229C31146007C9986 = {
						CreatedOnToolsVersion = 14.2;
						TestTargetID = 6AE7AF0629C31142007C9986;
					};
				};
			};
			buildConfigurationList = 6AE7AEFE29C31141007C9986 /* Build configuration list for PBXProject "PadelScore" */;
			compatibilityVersion = "Xcode 14.0";
			developmentRegion = en;
			hasScannedForEncodings = 0;
			knownRegions = (
				en,
				Base,
			);
			mainGroup = 6AE7AEFA29C31141007C9986;
			productRefGroup = 6AE7AF0229C31142007C9986 /* Products */;
			projectDirPath = "";
			projectRoot = "";
			targets = (
				6AE7AF0029C31142007C9986 /* PadelScore */,
				6AE7AF0629C31142007C9986 /* PadelScore Watch App */,
				6AE7AF1829C31146007C9986 /* PadelScore Watch AppTests */,
				6AE7AF2229C31146007C9986 /* PadelScore Watch AppUITests */,
			);
		};
/* End PBXProject section */

/* Begin PBXResourcesBuildPhase section */
		6AE7AEFF29C31142007C9986 /* Resources */ = {
			isa = PBXResourcesBuildPhase;
			buildActionMask = 2147483647;
			files = (
			);
			runOnlyForDeploymentPostprocessing = 0;
		};
		6AE7AF0529C31142007C9986 /* Resources */ = {
			isa = PBXResourcesBuildPhase;
			buildActionMask = 2147483647;
			files = (
				6AE7AF1429C31145007C9986 /* Preview Assets.xcassets in Resources */,
				6AE7AF1129C31145007C9986 /* Assets.xcassets in Resources */,
			);
			runOnlyForDeploymentPostprocessing = 0;
		};
		6AE7AF1729C31146007C9986 /* Resources */ = {
			isa = PBXResourcesBuildPhase;
			buildActionMask = 2147483647;
			files = (
			);
			runOnlyForDeploymentPostprocessing = 0;
		};
		6AE7AF2129C31146007C9986 /* Resources */ = {
			isa = PBXResourcesBuildPhase;
			buildActionMask = 2147483647;
			files = (
			);
			runOnlyForDeploymentPostprocessing = 0;
		};
/* End PBXResourcesBuildPhase section */

/* Begin PBXSourcesBuildPhase section */
		6AE7AF0329C31142007C9986 /* Sources */ = {
			isa = PBXSourcesBuildPhase;
			buildActionMask = 2147483647;
			files = (
				6AE7AF0F29C31142007C9986 /* ContentView.swift in Sources */,
				6AE7AF0D29C31142007C9986 /* PadelScoreApp.swift in Sources */,
			);
			runOnlyForDeploymentPostprocessing = 0;
		};
		6AE7AF1529C31146007C9986 /* Sources */ = {
			isa = PBXSourcesBuildPhase;
			buildActionMask = 2147483647;
			files = (
				6AE7AF1E29C31146007C9986 /* PadelScore_Watch_AppTests.swift in Sources */,
			);
			runOnlyForDeploymentPostprocessing = 0;
		};
		6AE7AF1F29C31146007C9986 /* Sources */ = {
			isa = PBXSourcesBuildPhase;
			buildActionMask = 2147483647;
			files = (
				6AE7AF2A29C31146007C9986 /* PadelScore_Watch_AppUITestsLaunchTests.swift in Sources */,
				6AE7AF2829C31146007C9986 /* PadelScore_Watch_AppUITests.swift in Sources */,
			);
			runOnlyForDeploymentPostprocessing = 0;
		};
/* End PBXSourcesBuildPhase section */

/* Begin PBXTargetDependency section */
		6AE7AF0A29C31142007C9986 /* PBXTargetDependency */ = {
			isa = PBXTargetDependency;
			target = 6AE7AF0629C31142007C9986 /* PadelScore Watch App */;
			targetProxy = 6AE7AF0929C31142007C9986 /* PBXContainerItemProxy */;
		};
		6AE7AF1B29C31146007C9986 /* PBXTargetDependency */ = {
			isa = PBXTargetDependency;
			target = 6AE7AF0629C31142007C9986 /* PadelScore Watch App */;
			targetProxy = 6AE7AF1A29C31146007C9986 /* PBXContainerItemProxy */;
		};
		6AE7AF2529C31146007C9986 /* PBXTargetDependency */ = {
			isa = PBXTargetDependency;
			target = 6AE7AF0629C31142007C9986 /* PadelScore Watch App */;
			targetProxy = 6AE7AF2429C31146007C9986 /* PBXContainerItemProxy */;
		};
/* End PBXTargetDependency section */

/* Begin XCBuildConfiguration section */
		6AE7AF2B29C31146007C9986 /* Debug */ = {
			isa = XCBuildConfiguration;
			buildSettings = {
				ALWAYS_SEARCH_USER_PATHS = NO;
				CLANG_ANALYZER_NONNULL = YES;
				CLANG_ANALYZER_NUMBER_OBJECT_CONVERSION = YES_AGGRESSIVE;
				CLANG_CXX_LANGUAGE_STANDARD = "gnu++20";
				CLANG_ENABLE_MODULES = YES;
				CLANG_ENABLE_OBJC_ARC = YES;
				CLANG_ENABLE_OBJC_WEAK = YES;
				CLANG_WARN_BLOCK_CAPTURE_AUTORELEASING = YES;
				CLANG_WARN_BOOL_CONVERSION = YES;
				CLANG_WARN_COMMA = YES;
				CLANG_WARN_CONSTANT_CONVERSION = YES;
				CLANG_WARN_DEPRECATED_OBJC_IMPLEMENTATIONS = YES;
				CLANG_WARN_DIRECT_OBJC_ISA_USAGE = YES_ERROR;
				CLANG_WARN_DOCUMENTATION_COMMENTS = YES;
				CLANG_WARN_EMPTY_BODY = YES;
				CLANG_WARN_ENUM_CONVERSION = YES;
				CLANG_WARN_INFINITE_RECURSION = YES;
				CLANG_WARN_INT_CONVERSION = YES;
				CLANG_WARN_NON_LITERAL_NULL_CONVERSION = YES;
				CLANG_WARN_OBJC_IMPLICIT_RETAIN_SELF = YES;
				CLANG_WARN_OBJC_LITERAL_CONVERSION = YES;
				CLANG_WARN_OBJC_ROOT_CLASS = YES_ERROR;
				CLANG_WARN_QUOTED_INCLUDE_IN_FRAMEWORK_HEADER = YES;
				CLANG_WARN_RANGE_LOOP_ANALYSIS = YES;
				CLANG_WARN_STRICT_PROTOTYPES = YES;
				CLANG_WARN_SUSPICIOUS_MOVE = YES;
				CLANG_WARN_UNGUARDED_AVAILABILITY = YES_AGGRESSIVE;
				CLANG_WARN_UNREACHABLE_CODE = YES;
				CLANG_WARN__DUPLICATE_METHOD_MATCH = YES;
				COPY_PHASE_STRIP = NO;
				DEBUG_INFORMATION_FORMAT = dwarf;
				ENABLE_STRICT_OBJC_MSGSEND = YES;
				ENABLE_TESTABILITY = YES;
				GCC_C_LANGUAGE_STANDARD = gnu11;
				GCC_DYNAMIC_NO_PIC = NO;
				GCC_NO_COMMON_BLOCKS = YES;
				GCC_OPTIMIZATION_LEVEL = 0;
				GCC_PREPROCESSOR_DEFINITIONS = (
					"DEBUG=1",
					"$(inherited)",
				);
				GCC_WARN_64_TO_32_BIT_CONVERSION = YES;
				GCC_WARN_ABOUT_RETURN_TYPE = YES_ERROR;
				GCC_WARN_UNDECLARED_SELECTOR = YES;
				GCC_WARN_UNINITIALIZED_AUTOS = YES_AGGRESSIVE;
				GCC_WARN_UNUSED_FUNCTION = YES;
				GCC_WARN_UNUSED_VARIABLE = YES;
				MTL_ENABLE_DEBUG_INFO = INCLUDE_SOURCE;
				MTL_FAST_MATH = YES;
				ONLY_ACTIVE_ARCH = YES;
				SWIFT_ACTIVE_COMPILATION_CONDITIONS = DEBUG;
				SWIFT_OPTIMIZATION_LEVEL = "-Onone";
			};
			name = Debug;
		};
		6AE7AF2C29C31146007C9986 /* Release */ = {
			isa = XCBuildConfiguration;
			buildSettings = {
				ALWAYS_SEARCH_USER_PATHS = NO;
				CLANG_ANALYZER_NONNULL = YES;
				CLANG_ANALYZER_NUMBER_OBJECT_CONVERSION = YES_AGGRESSIVE;
				CLANG_CXX_LANGUAGE_STANDARD = "gnu++20";
				CLANG_ENABLE_MODULES = YES;
				CLANG_ENABLE_OBJC_ARC = YES;
				CLANG_ENABLE_OBJC_WEAK = YES;
				CLANG_WARN_BLOCK_CAPTURE_AUTORELEASING = YES;
				CLANG_WARN_BOOL_CONVERSION = YES;
				CLANG_WARN_COMMA = YES;
				CLANG_WARN_CONSTANT_CONVERSION = YES;
				CLANG_WARN_DEPRECATED_OBJC_IMPLEMENTATIONS = YES;
				CLANG_WARN_DIRECT_OBJC_ISA_USAGE = YES_ERROR;
				CLANG_WARN_DOCUMENTATION_COMMENTS = YES;
				CLANG_WARN_EMPTY_BODY = YES;
				CLANG_WARN_ENUM_CONVERSION = YES;
				CLANG_WARN_INFINITE_RECURSION = YES;
				CLANG_WARN_INT_CONVERSION = YES;
				CLANG_WARN_NON_LITERAL_NULL_CONVERSION = YES;
				CLANG_WARN_OBJC_IMPLICIT_RETAIN_SELF = YES;
				CLANG_WARN_OBJC_LITERAL_CONVERSION = YES;
				CLANG_WARN_OBJC_ROOT_CLASS = YES_ERROR;
				CLANG_WARN_QUOTED_INCLUDE_IN_FRAMEWORK_HEADER = YES;
				CLANG_WARN_RANGE_LOOP_ANALYSIS = YES;
				CLANG_WARN_STRICT_PROTOTYPES = YES;
				CLANG_WARN_SUSPICIOUS_MOVE = YES;
				CLANG_WARN_UNGUARDED_AVAILABILITY = YES_AGGRESSIVE;
				CLANG_WARN_UNREACHABLE_CODE = YES;
				CLANG_WARN__DUPLICATE_METHOD_MATCH = YES;
				COPY_PHASE_STRIP = NO;
				DEBUG_INFORMATION_FORMAT = "dwarf-with-dsym";
				ENABLE_NS_ASSERTIONS = NO;
				ENABLE_STRICT_OBJC_MSGSEND = YES;
				GCC_C_LANGUAGE_STANDARD = gnu11;
				GCC_NO_COMMON_BLOCKS = YES;
				GCC_WARN_64_TO_32_BIT_CONVERSION = YES;
				GCC_WARN_ABOUT_RETURN_TYPE = YES_ERROR;
				GCC_WARN_UNDECLARED_SELECTOR = YES;
				GCC_WARN_UNINITIALIZED_AUTOS = YES_AGGRESSIVE;
				GCC_WARN_UNUSED_FUNCTION = YES;
				GCC_WARN_UNUSED_VARIABLE = YES;
				MTL_ENABLE_DEBUG_INFO = NO;
				MTL_FAST_MATH = YES;
				SWIFT_COMPILATION_MODE = wholemodule;
				SWIFT_OPTIMIZATION_LEVEL = "-O";
			};
			name = Release;
		};
		6AE7AF2E29C31146007C9986 /* Debug */ = {
			isa = XCBuildConfiguration;
			buildSettings = {
				ASSETCATALOG_COMPILER_APPICON_NAME = AppIcon;
				ASSETCATALOG_COMPILER_GLOBAL_ACCENT_COLOR_NAME = AccentColor;
				CODE_SIGN_STYLE = Automatic;
				CURRENT_PROJECT_VERSION = 1;
				DEVELOPMENT_ASSET_PATHS = "\"PadelScore Watch App/Preview Content\"";
				ENABLE_PREVIEWS = YES;
				GENERATE_INFOPLIST_FILE = YES;
				INFOPLIST_KEY_CFBundleDisplayName = PadelScore;
				INFOPLIST_KEY_UISupportedInterfaceOrientations = "UIInterfaceOrientationPortrait UIInterfaceOrientationPortraitUpsideDown";
				INFOPLIST_KEY_WKWatchOnly = YES;
				LD_RUNPATH_SEARCH_PATHS = (
					"$(inherited)",
					"@executable_path/Frameworks",
				);
				MARKETING_VERSION = 1.0;
				PRODUCT_BUNDLE_IDENTIFIER = ivanmoll.PadelScore.watchkitapp;
				PRODUCT_NAME = "$(TARGET_NAME)";
				SDKROOT = watchos;
				SKIP_INSTALL = YES;
				SWIFT_EMIT_LOC_STRINGS = YES;
				SWIFT_VERSION = 5.0;
				TARGETED_DEVICE_FAMILY = 4;
				WATCHOS_DEPLOYMENT_TARGET = 9.1;
			};
			name = Debug;
		};
		6AE7AF2F29C31146007C9986 /* Release */ = {
			isa = XCBuildConfiguration;
			buildSettings = {
				ASSETCATALOG_COMPILER_APPICON_NAME = AppIcon;
				ASSETCATALOG_COMPILER_GLOBAL_ACCENT_COLOR_NAME = AccentColor;
				CODE_SIGN_STYLE = Automatic;
				CURRENT_PROJECT_VERSION = 1;
				DEVELOPMENT_ASSET_PATHS = "\"PadelScore Watch App/Preview Content\"";
				ENABLE_PREVIEWS = YES;
				GENERATE_INFOPLIST_FILE = YES;
				INFOPLIST_KEY_CFBundleDisplayName = PadelScore;
				INFOPLIST_KEY_UISupportedInterfaceOrientations = "UIInterfaceOrientationPortrait UIInterfaceOrientationPortraitUpsideDown";
				INFOPLIST_KEY_WKWatchOnly = YES;
				LD_RUNPATH_SEARCH_PATHS = (
					"$(inherited)",
					"@executable_path/Frameworks",
				);
				MARKETING_VERSION = 1.0;
				PRODUCT_BUNDLE_IDENTIFIER = ivanmoll.PadelScore.watchkitapp;
				PRODUCT_NAME = "$(TARGET_NAME)";
				SDKROOT = watchos;
				SKIP_INSTALL = YES;
				SWIFT_EMIT_LOC_STRINGS = YES;
				SWIFT_VERSION = 5.0;
				TARGETED_DEVICE_FAMILY = 4;
				VALIDATE_PRODUCT = YES;
				WATCHOS_DEPLOYMENT_TARGET = 9.1;
			};
			name = Release;
		};
		6AE7AF3229C31146007C9986 /* Debug */ = {
			isa = XCBuildConfiguration;
			buildSettings = {
				ALWAYS_EMBED_SWIFT_STANDARD_LIBRARIES = YES;
				CODE_SIGN_STYLE = Automatic;
				CURRENT_PROJECT_VERSION = 1;
				INFOPLIST_KEY_CFBundleDisplayName = PadelScore;
				MARKETING_VERSION = 1.0;
				PRODUCT_BUNDLE_IDENTIFIER = ivanmoll.PadelScore;
				PRODUCT_NAME = "$(TARGET_NAME)";
				SDKROOT = iphoneos;
				SWIFT_VERSION = 5.0;
			};
			name = Debug;
		};
		6AE7AF3329C31146007C9986 /* Release */ = {
			isa = XCBuildConfiguration;
			buildSettings = {
				ALWAYS_EMBED_SWIFT_STANDARD_LIBRARIES = YES;
				CODE_SIGN_STYLE = Automatic;
				CURRENT_PROJECT_VERSION = 1;
				INFOPLIST_KEY_CFBundleDisplayName = PadelScore;
				MARKETING_VERSION = 1.0;
				PRODUCT_BUNDLE_IDENTIFIER = ivanmoll.PadelScore;
				PRODUCT_NAME = "$(TARGET_NAME)";
				SDKROOT = iphoneos;
				SWIFT_VERSION = 5.0;
				VALIDATE_PRODUCT = YES;
			};
			name = Release;
		};
		6AE7AF3529C31146007C9986 /* Debug */ = {
			isa = XCBuildConfiguration;
			buildSettings = {
				ALWAYS_EMBED_SWIFT_STANDARD_LIBRARIES = YES;
				BUNDLE_LOADER = "$(TEST_HOST)";
				CODE_SIGN_STYLE = Automatic;
				CURRENT_PROJECT_VERSION = 1;
				GENERATE_INFOPLIST_FILE = YES;
				MARKETING_VERSION = 1.0;
				PRODUCT_BUNDLE_IDENTIFIER = "ivanmoll.PadelScore-Watch-AppTests";
				PRODUCT_NAME = "$(TARGET_NAME)";
				SDKROOT = watchos;
				SWIFT_EMIT_LOC_STRINGS = NO;
				SWIFT_VERSION = 5.0;
				TARGETED_DEVICE_FAMILY = 4;
				TEST_HOST = "$(BUILT_PRODUCTS_DIR)/PadelScore Watch App.app/$(BUNDLE_EXECUTABLE_FOLDER_PATH)/PadelScore Watch App";
				WATCHOS_DEPLOYMENT_TARGET = 9.1;
			};
			name = Debug;
		};
		6AE7AF3629C31146007C9986 /* Release */ = {
			isa = XCBuildConfiguration;
			buildSettings = {
				ALWAYS_EMBED_SWIFT_STANDARD_LIBRARIES = YES;
				BUNDLE_LOADER = "$(TEST_HOST)";
				CODE_SIGN_STYLE = Automatic;
				CURRENT_PROJECT_VERSION = 1;
				GENERATE_INFOPLIST_FILE = YES;
				MARKETING_VERSION = 1.0;
				PRODUCT_BUNDLE_IDENTIFIER = "ivanmoll.PadelScore-Watch-AppTests";
				PRODUCT_NAME = "$(TARGET_NAME)";
				SDKROOT = watchos;
				SWIFT_EMIT_LOC_STRINGS = NO;
				SWIFT_VERSION = 5.0;
				TARGETED_DEVICE_FAMILY = 4;
				TEST_HOST = "$(BUILT_PRODUCTS_DIR)/PadelScore Watch App.app/$(BUNDLE_EXECUTABLE_FOLDER_PATH)/PadelScore Watch App";
				VALIDATE_PRODUCT = YES;
				WATCHOS_DEPLOYMENT_TARGET = 9.1;
			};
			name = Release;
		};
		6AE7AF3829C31146007C9986 /* Debug */ = {
			isa = XCBuildConfiguration;
			buildSettings = {
				ALWAYS_EMBED_SWIFT_STANDARD_LIBRARIES = YES;
				CODE_SIGN_STYLE = Automatic;
				CURRENT_PROJECT_VERSION = 1;
				GENERATE_INFOPLIST_FILE = YES;
				MARKETING_VERSION = 1.0;
				PRODUCT_BUNDLE_IDENTIFIER = "ivanmoll.PadelScore-Watch-AppUITests";
				PRODUCT_NAME = "$(TARGET_NAME)";
				SDKROOT = watchos;
				SWIFT_EMIT_LOC_STRINGS = NO;
				SWIFT_VERSION = 5.0;
				TARGETED_DEVICE_FAMILY = 4;
				TEST_TARGET_NAME = "PadelScore Watch App";
				WATCHOS_DEPLOYMENT_TARGET = 9.1;
			};
			name = Debug;
		};
		6AE7AF3929C31146007C9986 /* Release */ = {
			isa = XCBuildConfiguration;
			buildSettings = {
				ALWAYS_EMBED_SWIFT_STANDARD_LIBRARIES = YES;
				CODE_SIGN_STYLE = Automatic;
				CURRENT_PROJECT_VERSION = 1;
				GENERATE_INFOPLIST_FILE = YES;
				MARKETING_VERSION = 1.0;
				PRODUCT_BUNDLE_IDENTIFIER = "ivanmoll.PadelScore-Watch-AppUITests";
				PRODUCT_NAME = "$(TARGET_NAME)";
				SDKROOT = watchos;
				SWIFT_EMIT_LOC_STRINGS = NO;
				SWIFT_VERSION = 5.0;
				TARGETED_DEVICE_FAMILY = 4;
				TEST_TARGET_NAME = "PadelScore Watch App";
				VALIDATE_PRODUCT = YES;
				WATCHOS_DEPLOYMENT_TARGET = 9.1;
			};
			name = Release;
		};
/* End XCBuildConfiguration section */

/* Begin XCConfigurationList section */
		6AE7AEFE29C31141007C9986 /* Build configuration list for PBXProject "PadelScore" */ = {
			isa = XCConfigurationList;
			buildConfigurations = (
				6AE7AF2B29C31146007C9986 /* Debug */,
				6AE7AF2C29C31146007C9986 /* Release */,
			);
			defaultConfigurationIsVisible = 0;
			defaultConfigurationName = Release;
		};
		6AE7AF2D29C31146007C9986 /* Build configuration list for PBXNativeTarget "PadelScore Watch App" */ = {
			isa = XCConfigurationList;
			buildConfigurations = (
				6AE7AF2E29C31146007C9986 /* Debug */,
				6AE7AF2F29C31146007C9986 /* Release */,
			);
			defaultConfigurationIsVisible = 0;
			defaultConfigurationName = Release;
		};
		6AE7AF3129C31146007C9986 /* Build configuration list for PBXNativeTarget "PadelScore" */ = {
			isa = XCConfigurationList;
			buildConfigurations = (
				6AE7AF3229C31146007C9986 /* Debug */,
				6AE7AF3329C31146007C9986 /* Release */,
			);
			defaultConfigurationIsVisible = 0;
			defaultConfigurationName = Release;
		};
		6AE7AF3429C31146007C9986 /* Build configuration list for PBXNativeTarget "PadelScore Watch AppTests" */ = {
			isa = XCConfigurationList;
			buildConfigurations = (
				6AE7AF3529C31146007C9986 /* Debug */,
				6AE7AF3629C31146007C9986 /* Release */,
			);
			defaultConfigurationIsVisible = 0;
			defaultConfigurationName = Release;
		};
		6AE7AF3729C31146007C9986 /* Build configuration list for PBXNativeTarget "PadelScore Watch AppUITests" */ = {
			isa = XCConfigurationList;
			buildConfigurations = (
				6AE7AF3829C31146007C9986 /* Debug */,
				6AE7AF3929C31146007C9986 /* Release */,
			);
			defaultConfigurationIsVisible = 0;
			defaultConfigurationName = Release;
		};
/* End XCConfigurationList section */
	};
	rootObject = 6AE7AEFB29C31141007C9986 /* Project object */;
}
